
Microsoft Visual Studio Solution File, Format Version 12.00
# Visual Studio 15
Project("{FAE04EC0-301F-11D3-BF4B-00C04F79EFBC}") = "CptS487_HW4", "CptS487_HW4\CptS487_HW4.csproj", "{80941A9B-9652-4BD6-9351-1CCD27F098FC}"
EndProject
Global
	GlobalSection(SolutionConfigurationPlatforms) = preSolution
		Debug|anycpu = Debug|anycpu
		Release|anycpu = Release|anycpu
	EndGlobalSection
	GlobalSection(ProjectConfigurationPlatforms) = postSolution
		{80941A9B-9652-4BD6-9351-1CCD27F098FC}.Debug|anycpu.ActiveCfg = Debug|anycpu
		{80941A9B-9652-4BD6-9351-1CCD27F098FC}.Debug|anycpu.Build.0 = Debug|anycpu
		{80941A9B-9652-4BD6-9351-1CCD27F098FC}.Release|anycpu.ActiveCfg = Release|anycpu
		{80941A9B-9652-4BD6-9351-1CCD27F098FC}.Release|anycpu.Build.0 = Release|anycpu
	EndGlobalSection
EndGlobal
